
Microsoft Visual Studio Solution File, Format Version 12.00
# Visual Studio 15
VisualStudioVersion = 15.0.28307.572
MinimumVisualStudioVersion = 10.0.40219.1
Project("{8BC9CEB8-8B4A-11D0-8D11-00A0C91BC942}") = "test_work", "test_work.vcxproj", "{D5E77400-C90A-44AA-B96C-4A07C427922C}"
EndProject
Global
	GlobalSection(SolutionConfigurationPlatforms) = preSolution
		Debug|Win32 = Debug|Win32
		Release|Win32 = Release|Win32
	EndGlobalSection
	GlobalSection(ProjectConfigurationPlatforms) = postSolution
		{D5E77400-C90A-44AA-B96C-4A07C427922C}.Debug|Win32.ActiveCfg = Debug|Win32
		{D5E77400-C90A-44AA-B96C-4A07C427922C}.Debug|Win32.Build.0 = Debug|Win32
		{D5E77400-C90A-44AA-B96C-4A07C427922C}.Release|Win32.ActiveCfg = Release|Win32
		{D5E77400-C90A-44AA-B96C-4A07C427922C}.Release|Win32.Build.0 = Release|Win32
	EndGlobalSection
	GlobalSection(SolutionProperties) = preSolution
		HideSolutionNode = FALSE
	EndGlobalSection
	GlobalSection(ExtensibilityGlobals) = postSolution
		SolutionGuid = {446E975D-2007-4FED-A269-0A775A67C73B}
	EndGlobalSection
EndGlobal
